
Microsoft Visual Studio Solution File, Format Version 12.00
# Visual Studio Version 17
VisualStudioVersion = 17.7.34031.279
MinimumVisualStudioVersion = 10.0.40219.1
Project("{9A19103F-16F7-4668-BE54-9A1E7A4F7556}") = "BookStore.API", "BookStore.API\BookStore.API.csproj", "{9B92C5A6-A252-446D-9BA4-B1CAB6753589}"
EndProject
Project("{9A19103F-16F7-4668-BE54-9A1E7A4F7556}") = "BookStore.Blazor.Server.UI", "BookStore.Blazor.Server.UI\BookStore.Blazor.Server.UI.csproj", "{2F77DCB9-8069-4EEA-A4A3-4D9665758394}"
EndProject
Global
	GlobalSection(SolutionConfigurationPlatforms) = preSolution
		Debug|Any CPU = Debug|Any CPU
		Release|Any CPU = Release|Any CPU
	EndGlobalSection
	GlobalSection(ProjectConfigurationPlatforms) = postSolution
		{9B92C5A6-A252-446D-9BA4-B1CAB6753589}.Debug|Any CPU.ActiveCfg = Debug|Any CPU
		{9B92C5A6-A252-446D-9BA4-B1CAB6753589}.Debug|Any CPU.Build.0 = Debug|Any CPU
		{9B92C5A6-A252-446D-9BA4-B1CAB6753589}.Release|Any CPU.ActiveCfg = Release|Any CPU
		{9B92C5A6-A252-446D-9BA4-B1CAB6753589}.Release|Any CPU.Build.0 = Release|Any CPU
		{2F77DCB9-8069-4EEA-A4A3-4D9665758394}.Debug|Any CPU.ActiveCfg = Debug|Any CPU
		{2F77DCB9-8069-4EEA-A4A3-4D9665758394}.Debug|Any CPU.Build.0 = Debug|Any CPU
		{2F77DCB9-8069-4EEA-A4A3-4D9665758394}.Release|Any CPU.ActiveCfg = Release|Any CPU
		{2F77DCB9-8069-4EEA-A4A3-4D9665758394}.Release|Any CPU.Build.0 = Release|Any CPU
	EndGlobalSection
	GlobalSection(SolutionProperties) = preSolution
		HideSolutionNode = FALSE
	EndGlobalSection
	GlobalSection(ExtensibilityGlobals) = postSolution
		SolutionGuid = {03D5BDFC-ADA3-457B-9147-A694FFF63759}
	EndGlobalSection
EndGlobal
